
Microsoft Visual Studio Solution File, Format Version 12.00
# Visual Studio Version 17
VisualStudioVersion = 17.5.002.0
MinimumVisualStudioVersion = 10.0.40219.1
Project("{9A19103F-16F7-4668-BE54-9A1E7A4F7556}") = "InduMovel", "InduMovel.csproj", "{FAEF6C45-6A37-4830-9B2D-386E1FD9EA72}"
EndProject
Global
	GlobalSection(SolutionConfigurationPlatforms) = preSolution
		Debug|Any CPU = Debug|Any CPU
		Release|Any CPU = Release|Any CPU
	EndGlobalSection
	GlobalSection(ProjectConfigurationPlatforms) = postSolution
		{FAEF6C45-6A37-4830-9B2D-386E1FD9EA72}.Debug|Any CPU.ActiveCfg = Debug|Any CPU
		{FAEF6C45-6A37-4830-9B2D-386E1FD9EA72}.Debug|Any CPU.Build.0 = Debug|Any CPU
		{FAEF6C45-6A37-4830-9B2D-386E1FD9EA72}.Release|Any CPU.ActiveCfg = Release|Any CPU
		{FAEF6C45-6A37-4830-9B2D-386E1FD9EA72}.Release|Any CPU.Build.0 = Release|Any CPU
	EndGlobalSection
	GlobalSection(SolutionProperties) = preSolution
		HideSolutionNode = FALSE
	EndGlobalSection
	GlobalSection(ExtensibilityGlobals) = postSolution
		SolutionGuid = {E144467D-95BA-4A23-9BFA-DBFFCB84CBE3}
	EndGlobalSection
EndGlobal
